
Microsoft Visual Studio Solution File, Format Version 12.00
# Visual Studio Version 17
VisualStudioVersion = 17.8.34330.188
MinimumVisualStudioVersion = 10.0.40219.1
Project("{FAE04EC0-301F-11D3-BF4B-00C04F79EFBC}") = "BUILT.Test.RestApi", "BUILT.Test.RestApi\BUILT.Test.RestApi.csproj", "{9B1F691E-03A7-45D4-821B-A03E2F9F41B5}"
EndProject
Project("{00D1A9C2-B5F0-4AF3-8072-F6C62B433612}") = "BUILT.Test.Database", "BUILT.Test.Database\BUILT.Test.Database.sqlproj", "{A1ABBF8E-2B72-4EFE-8F48-B005974798F3}"
EndProject
Global
	GlobalSection(SolutionConfigurationPlatforms) = preSolution
		Debug|Any CPU = Debug|Any CPU
		Release|Any CPU = Release|Any CPU
	EndGlobalSection
	GlobalSection(ProjectConfigurationPlatforms) = postSolution
		{9B1F691E-03A7-45D4-821B-A03E2F9F41B5}.Debug|Any CPU.ActiveCfg = Debug|Any CPU
		{9B1F691E-03A7-45D4-821B-A03E2F9F41B5}.Debug|Any CPU.Build.0 = Debug|Any CPU
		{9B1F691E-03A7-45D4-821B-A03E2F9F41B5}.Release|Any CPU.ActiveCfg = Release|Any CPU
		{9B1F691E-03A7-45D4-821B-A03E2F9F41B5}.Release|Any CPU.Build.0 = Release|Any CPU
		{A1ABBF8E-2B72-4EFE-8F48-B005974798F3}.Debug|Any CPU.ActiveCfg = Debug|Any CPU
		{A1ABBF8E-2B72-4EFE-8F48-B005974798F3}.Debug|Any CPU.Build.0 = Debug|Any CPU
		{A1ABBF8E-2B72-4EFE-8F48-B005974798F3}.Debug|Any CPU.Deploy.0 = Debug|Any CPU
		{A1ABBF8E-2B72-4EFE-8F48-B005974798F3}.Release|Any CPU.ActiveCfg = Release|Any CPU
		{A1ABBF8E-2B72-4EFE-8F48-B005974798F3}.Release|Any CPU.Build.0 = Release|Any CPU
		{A1ABBF8E-2B72-4EFE-8F48-B005974798F3}.Release|Any CPU.Deploy.0 = Release|Any CPU
	EndGlobalSection
	GlobalSection(SolutionProperties) = preSolution
		HideSolutionNode = FALSE
	EndGlobalSection
	GlobalSection(ExtensibilityGlobals) = postSolution
		SolutionGuid = {76E0BC68-4B0E-4B00-A9AE-8CDE6BB7C8BD}
	EndGlobalSection
EndGlobal
